dependencies:
  espressif/esp32-camera:
    component_hash: a82de4ee0b383bd34695935385c6a6c720129084580c2bbb55dce76eb2a3788f
    dependencies: []
    source:
      registry_url: https://components.espressif.com/
      type: service
    version: 2.0.13
  espressif/mdns:
    component_hash: af6306fe65d637a3683d1cf671508fcedd6b05f9ca029a8815abeab64001fb8d
    dependencies:
    - name: idf
      require: private
      version: '>=5.0'
    source:
      registry_url: https://components.espressif.com/
      type: service
    version: 1.4.0
  fb_gfx:
    dependencies: []
    source:
      path: /tmp/esp32cam/components/fb_gfx
      type: local
    version: 0.1.0
  idf:
    source:
      type: idf
    version: 5.3.1
direct_dependencies:
- espressif/esp32-camera
- espressif/fb_gfx
- espressif/mdns
- idf
manifest_hash: a844a616303e2e0c17a4a04097b7ea640a8e5e6193b79a1f1cf43bc1e0a6943e
target: esp32
version: 2.0.0
